Microsoft Visual Studio Solution File, Format Version 12.00
# Visual Studio 15
VisualStudioVersion = 15.0.28307.852
MinimumVisualStudioVersion = 10.0.40219.1
Project("{F184B08F-C81C-45F6-A57F-5ABD9991F28F}") = "poctpr1", "poctpr1.vbproj", "{BC658858-B497-4977-A639-CCB96E147BBC}"
EndProject
Global
	GlobalSection(SolutionConfigurationPlatforms) = preSolution
		Debug|Any CPU = Debug|Any CPU
		Release|Any CPU = Release|Any CPU
	EndGlobalSection
	GlobalSection(ProjectConfigurationPlatforms) = postSolution
		{BC658858-B497-4977-A639-CCB96E147BBC}.Debug|Any CPU.ActiveCfg = Debug|Any CPU
		{BC658858-B497-4977-A639-CCB96E147BBC}.Debug|Any CPU.Build.0 = Debug|Any CPU
		{BC658858-B497-4977-A639-CCB96E147BBC}.Release|Any CPU.ActiveCfg = Release|Any CPU
		{BC658858-B497-4977-A639-CCB96E147BBC}.Release|Any CPU.Build.0 = Release|Any CPU
	EndGlobalSection
	GlobalSection(SolutionProperties) = preSolution
		HideSolutionNode = FALSE
	EndGlobalSection
	GlobalSection(ExtensibilityGlobals) = postSolution
		SolutionGuid = {A5BDF5C5-D92C-4BA1-8918-ED976EA593BD}
	EndGlobalSection
	GlobalSection(TeamFoundationVersionControl) = preSolution
		SccNumberOfProjects = 2
		SccEnterpriseProvider = {4CA58AB2-18FA-4F8D-95D4-32DDF27D184C}
		SccTeamFoundationServer = https://phonglh.visualstudio.com/
		SccLocalPath0 = .
		SccProjectUniqueName1 = poctpr1.vbproj
		SccLocalPath1 = .
	EndGlobalSection
EndGlobal
